Microsoft Visual Studio Solution File, Format Version 12.00
# Visual Studio Version 16
VisualStudioVersion = 16.0.30804.86
MinimumVisualStudioVersion = 10.0.40219.1
Project("{9A19103F-16F7-4668-BE54-9A1E7A4F7556}") = "Cats", "Cats\Cats.csproj", "{AB521E06-B253-404F-BDF9-276FAC56FF2C}"
EndProject
Project("{FAE04EC0-301F-11D3-BF4B-00C04F79EFBC}") = "CatTests", "CatTests\CatTests.csproj", "{2FFB4D81-D730-4FE3-BC55-59F8B983FB95}"
EndProject
Global
	GlobalSection(SolutionConfigurationPlatforms) = preSolution
		Debug|Any CPU = Debug|Any CPU
		Release|Any CPU = Release|Any CPU
	EndGlobalSection
	GlobalSection(ProjectConfigurationPlatforms) = postSolution
		{AB521E06-B253-404F-BDF9-276FAC56FF2C}.Debug|Any CPU.ActiveCfg = Debug|Any CPU
		{AB521E06-B253-404F-BDF9-276FAC56FF2C}.Debug|Any CPU.Build.0 = Debug|Any CPU
		{AB521E06-B253-404F-BDF9-276FAC56FF2C}.Release|Any CPU.ActiveCfg = Release|Any CPU
		{AB521E06-B253-404F-BDF9-276FAC56FF2C}.Release|Any CPU.Build.0 = Release|Any CPU
		{2FFB4D81-D730-4FE3-BC55-59F8B983FB95}.Debug|Any CPU.ActiveCfg = Debug|Any CPU
		{2FFB4D81-D730-4FE3-BC55-59F8B983FB95}.Debug|Any CPU.Build.0 = Debug|Any CPU
		{2FFB4D81-D730-4FE3-BC55-59F8B983FB95}.Release|Any CPU.ActiveCfg = Release|Any CPU
		{2FFB4D81-D730-4FE3-BC55-59F8B983FB95}.Release|Any CPU.Build.0 = Release|Any CPU
	EndGlobalSection
	GlobalSection(SolutionProperties) = preSolution
		HideSolutionNode = FALSE
	EndGlobalSection
	GlobalSection(ExtensibilityGlobals) = postSolution
		SolutionGuid = {62D95430-5AAF-4464-BE72-0334BA45A071}
	EndGlobalSection
EndGlobal
